
Microsoft Visual Studio Solution File, Format Version 12.00
# Visual Studio Version 17
VisualStudioVersion = 17.8.34408.163
MinimumVisualStudioVersion = 10.0.40219.1
Project("{9A19103F-16F7-4668-BE54-9A1E7A4F7556}") = "XyzBank", "SpecFlowProject8\XyzBank.csproj", "{BC3EA8FF-64EB-4CE4-9628-345963F30877}"
EndProject
Global
	GlobalSection(SolutionConfigurationPlatforms) = preSolution
		Debug|Any CPU = Debug|Any CPU
		Release|Any CPU = Release|Any CPU
	EndGlobalSection
	GlobalSection(ProjectConfigurationPlatforms) = postSolution
		{BC3EA8FF-64EB-4CE4-9628-345963F30877}.Debug|Any CPU.ActiveCfg = Debug|Any CPU
		{BC3EA8FF-64EB-4CE4-9628-345963F30877}.Debug|Any CPU.Build.0 = Debug|Any CPU
		{BC3EA8FF-64EB-4CE4-9628-345963F30877}.Release|Any CPU.ActiveCfg = Release|Any CPU
		{BC3EA8FF-64EB-4CE4-9628-345963F30877}.Release|Any CPU.Build.0 = Release|Any CPU
	EndGlobalSection
	GlobalSection(SolutionProperties) = preSolution
		HideSolutionNode = FALSE
	EndGlobalSection
	GlobalSection(ExtensibilityGlobals) = postSolution
		SolutionGuid = {3E446B5F-4054-4E81-AA8F-9E7863E93A00}
	EndGlobalSection
EndGlobal
